
Microsoft Visual Studio Solution File, Format Version 12.00
# Visual Studio Version 17
VisualStudioVersion = 17.9.34902.65
MinimumVisualStudioVersion = 10.0.40219.1
Project("{FAE04EC0-301F-11D3-BF4B-00C04F79EFBC}") = "Draw", "Draw.csproj", "{B7A9A968-DE7B-4537-9423-9D8ED1A72BF9}"
EndProject
Project("{FAE04EC0-301F-11D3-BF4B-00C04F79EFBC}") = "GeometryHelper", "..\GeometryHelper\GeometryHelper.csproj", "{00F6DD06-1503-4A82-8FE4-6C1A7E2983ED}"
EndProject
Global
	GlobalSection(SolutionConfigurationPlatforms) = preSolution
		Debug|Any CPU = Debug|Any CPU
		Release|Any CPU = Release|Any CPU
	EndGlobalSection
	GlobalSection(ProjectConfigurationPlatforms) = postSolution
		{B7A9A968-DE7B-4537-9423-9D8ED1A72BF9}.Debug|Any CPU.ActiveCfg = Debug|Any CPU
		{B7A9A968-DE7B-4537-9423-9D8ED1A72BF9}.Debug|Any CPU.Build.0 = Debug|Any CPU
		{B7A9A968-DE7B-4537-9423-9D8ED1A72BF9}.Release|Any CPU.ActiveCfg = Release|Any CPU
		{B7A9A968-DE7B-4537-9423-9D8ED1A72BF9}.Release|Any CPU.Build.0 = Release|Any CPU
		{00F6DD06-1503-4A82-8FE4-6C1A7E2983ED}.Debug|Any CPU.ActiveCfg = Debug|Any CPU
		{00F6DD06-1503-4A82-8FE4-6C1A7E2983ED}.Debug|Any CPU.Build.0 = Debug|Any CPU
		{00F6DD06-1503-4A82-8FE4-6C1A7E2983ED}.Release|Any CPU.ActiveCfg = Release|Any CPU
		{00F6DD06-1503-4A82-8FE4-6C1A7E2983ED}.Release|Any CPU.Build.0 = Release|Any CPU
	EndGlobalSection
	GlobalSection(SolutionProperties) = preSolution
		HideSolutionNode = FALSE
	EndGlobalSection
	GlobalSection(ExtensibilityGlobals) = postSolution
		SolutionGuid = {0FA50BDE-E42F-4BC9-B6DE-C261AF0A9F97}
	EndGlobalSection
EndGlobal
